
Microsoft Visual Studio Solution File, Format Version 12.00
# Visual Studio 2012
Project("{FAE04EC0-301F-11D3-BF4B-00C04F79EFBC}") = "OsmTest", "OsmTest\OsmTest.csproj", "{DFD98FF9-6ACE-419B-B831-EDBCFF6F5B89}"
EndProject
Project("{FAE04EC0-301F-11D3-BF4B-00C04F79EFBC}") = "OsmDroid", "..\OSMDroid\OsmDroid.csproj", "{949577AE-0B80-4295-9748-EDA75A02D84C}"
EndProject
Project("{FAE04EC0-301F-11D3-BF4B-00C04F79EFBC}") = "OsmDroidThirdParty", "..\OsmDroidThirdParty\OsmDroidThirdParty.csproj", "{76A6B893-7804-46E2-A1A9-28C9AEBC79DB}"
EndProject
Global
	GlobalSection(SolutionConfigurationPlatforms) = preSolution
		Debug|Any CPU = Debug|Any CPU
		Release|Any CPU = Release|Any CPU
	EndGlobalSection
	GlobalSection(ProjectConfigurationPlatforms) = postSolution
		{DFD98FF9-6ACE-419B-B831-EDBCFF6F5B89}.Debug|Any CPU.ActiveCfg = Debug|Any CPU
		{DFD98FF9-6ACE-419B-B831-EDBCFF6F5B89}.Debug|Any CPU.Build.0 = Debug|Any CPU
		{DFD98FF9-6ACE-419B-B831-EDBCFF6F5B89}.Debug|Any CPU.Deploy.0 = Debug|Any CPU
		{DFD98FF9-6ACE-419B-B831-EDBCFF6F5B89}.Release|Any CPU.ActiveCfg = Release|Any CPU
		{DFD98FF9-6ACE-419B-B831-EDBCFF6F5B89}.Release|Any CPU.Build.0 = Release|Any CPU
		{DFD98FF9-6ACE-419B-B831-EDBCFF6F5B89}.Release|Any CPU.Deploy.0 = Release|Any CPU
		{949577AE-0B80-4295-9748-EDA75A02D84C}.Debug|Any CPU.ActiveCfg = Debug|Any CPU
		{949577AE-0B80-4295-9748-EDA75A02D84C}.Debug|Any CPU.Build.0 = Debug|Any CPU
		{949577AE-0B80-4295-9748-EDA75A02D84C}.Release|Any CPU.ActiveCfg = Release|Any CPU
		{949577AE-0B80-4295-9748-EDA75A02D84C}.Release|Any CPU.Build.0 = Release|Any CPU
		{76A6B893-7804-46E2-A1A9-28C9AEBC79DB}.Debug|Any CPU.ActiveCfg = Debug|Any CPU
		{76A6B893-7804-46E2-A1A9-28C9AEBC79DB}.Debug|Any CPU.Build.0 = Debug|Any CPU
		{76A6B893-7804-46E2-A1A9-28C9AEBC79DB}.Release|Any CPU.ActiveCfg = Release|Any CPU
		{76A6B893-7804-46E2-A1A9-28C9AEBC79DB}.Release|Any CPU.Build.0 = Release|Any CPU
	EndGlobalSection
	GlobalSection(SolutionProperties) = preSolution
		HideSolutionNode = FALSE
	EndGlobalSection
EndGlobal
